<?xml version="1.0" encoding="utf-8"?>
<Project ToolsVersion="4.0" xmlns="http://schemas.microsoft.com/developer/msbuild/2003">
  <ItemGroup>
    <Filter Include="Source Files">
      <UniqueIdentifier>{4FC737F1-C7A5-4376-A066-2A32D752A2FF}</UniqueIdentifier>
      <Extensions>cpp;c;cc;cxx;c++;cppm;ixx;def;odl;idl;hpj;bat;asm;asmx</Extensions>
    </Filter>
    <Filter Include="Header Files">
      <UniqueIdentifier>{93995380-89BD-4b04-88EB-625FBE52EBFB}</UniqueIdentifier>
      <Extensions>h;hh;hpp;hxx;h++;hm;inl;inc;ipp;xsd</Extensions>
    </Filter>
    <Filter Include="Resource Files">
      <UniqueIdentifier>{67DA6AB6-F800-4c08-8B7A-83BB121AAD01}</UniqueIdentifier>
      <Extensions>rc;ico;cur;bmp;dlg;rc2;rct;bin;rgs;gif;jpg;jpeg;jpe;resx;tiff;tif;png;wav;mfcribbon-ms</Extensions>
    </Filter>
    <Filter Include="Source Files\Gui">
      <UniqueIdentifier>{4bc0e681-0374-48a7-9ff6-4eafb66c8984}</UniqueIdentifier>
    </Filter>
    <Filter Include="Source Files\State">
      <UniqueIdentifier>{bb24c514-3f50-4c90-9330-430bb048f8ea}</UniqueIdentifier>
    </Filter>
    <Filter Include="Header Files\Gui">
      <UniqueIdentifier>{1bc525e7-5b76-4099-869f-164496628e39}</UniqueIdentifier>
    </Filter>
    <Filter Include="Header Files\State">
      <UniqueIdentifier>{9af1a993-52da-4606-b937-9ab4f45808a3}</UniqueIdentifier>
    </Filter>
    <Filter Include="Source Files\Classes">
      <UniqueIdentifier>{bc240552-2b26-43d8-803b-75da513b9a2a}</UniqueIdentifier>
    </Filter>
    <Filter Include="Header Files\Classes">
      <UniqueIdentifier>{e889cf30-5abe-4c2a-aa83-f73097b43b2c}</UniqueIdentifier>
    </Filter>
    <Filter Include="Header Files\Race">
      <UniqueIdentifier>{d7cf9697-fda1-410d-bb01-640378170280}</UniqueIdentifier>
    </Filter>
    <Filter Include="Source Files\Race">
      <UniqueIdentifier>{e23f84e6-e386-46a2-b383-bd4fd8a41e41}</UniqueIdentifier>
    </Filter>
    <Filter Include="Source Files\Player">
      <UniqueIdentifier>{76d9318f-c5de-4aa6-9796-78b87036b7c5}</UniqueIdentifier>
    </Filter>
    <Filter Include="Header Files\Player">
      <UniqueIdentifier>{28052e2d-14df-4bea-a09a-ed149627d31f}</UniqueIdentifier>
    </Filter>
    <Filter Include="Header Files\Skills">
      <UniqueIdentifier>{063b5482-e483-4ba0-8f17-3e98e4be6ab1}</UniqueIdentifier>
    </Filter>
    <Filter Include="Header Files\Menus">
      <UniqueIdentifier>{b9557539-5d13-4d00-aa6a-7901a84f1d1e}</UniqueIdentifier>
    </Filter>
    <Filter Include="Source Files\Menus">
      <UniqueIdentifier>{8c90f698-9ae5-4265-a8d5-c90da052c308}</UniqueIdentifier>
    </Filter>
    <Filter Include="Source Files\Skills">
      <UniqueIdentifier>{4532e693-42b8-4683-ae11-bf58318889d3}</UniqueIdentifier>
    </Filter>
    <Filter Include="Source Files\Npc">
      <UniqueIdentifier>{e120eaca-61d3-4d7e-a307-b07021a8025b}</UniqueIdentifier>
    </Filter>
    <Filter Include="Source Files\Quest">
      <UniqueIdentifier>{cea01492-ebf3-4385-a00b-81a5c1c49e5e}</UniqueIdentifier>
    </Filter>
    <Filter Include="Source Files\Item">
      <UniqueIdentifier>{957af804-2b81-41e4-bf4f-fc060a0e44bc}</UniqueIdentifier>
    </Filter>
    <Filter Include="Header Files\Npc">
      <UniqueIdentifier>{1312e291-ade7-46fd-9e52-716e42ce1e64}</UniqueIdentifier>
    </Filter>
    <Filter Include="Header Files\Quest">
      <UniqueIdentifier>{6d52931c-69c8-4716-84ec-adf70bdc9036}</UniqueIdentifier>
    </Filter>
    <Filter Include="Header Files\Item">
      <UniqueIdentifier>{e5e7f4c3-a5db-4503-861a-9cd2bc3c9f93}</UniqueIdentifier>
    </Filter>
    <Filter Include="Header Files\Enemy">
      <UniqueIdentifier>{3622cbb5-6cf0-48c6-90f2-fbd330203f1e}</UniqueIdentifier>
    </Filter>
    <Filter Include="Source Files\Enemy">
      <UniqueIdentifier>{59280707-72d1-4eca-a2e6-87f5e7f97ca6}</UniqueIdentifier>
    </Filter>
    <Filter Include="Source Files\Merchant">
      <UniqueIdentifier>{9b494fa9-b442-4b45-a86b-18eda42de5e4}</UniqueIdentifier>
    </Filter>
    <Filter Include="Source Files\Resource">
      <UniqueIdentifier>{7065931d-1a49-46e3-984c-66422d964286}</UniqueIdentifier>
    </Filter>
    <Filter Include="Header Files\Merchant">
      <UniqueIdentifier>{79463505-e294-44b5-9f2e-acc4f5f355d1}</UniqueIdentifier>
    </Filter>
    <Filter Include="Header Files\Resource">
      <UniqueIdentifier>{0798993e-47e3-4534-88b4-6714e07f7be3}</UniqueIdentifier>
    </Filter>
  </ItemGroup>
  <ItemGroup>
    <ClCompile Include="main.cpp">
      <Filter>Source Files</Filter>
    </ClCompile>
    <ClCompile Include="Engine.cpp">
      <Filter>Source Files</Filter>
    </ClCompile>
    <ClCompile Include="Tilemap.cpp">
      <Filter>Source Files</Filter>
    </ClCompile>
    <ClCompile Include="Tile.cpp">
      <Filter>Source Files</Filter>
    </ClCompile>
    <ClCompile Include="Camera.cpp">
      <Filter>Source Files</Filter>
    </ClCompile>
    <ClCompile Include="Box.cpp">
      <Filter>Source Files\Gui</Filter>
    </ClCompile>
    <ClCompile Include="Button.cpp">
      <Filter>Source Files\Gui</Filter>
    </ClCompile>
    <ClCompile Include="CheckBox.cpp">
      <Filter>Source Files\Gui</Filter>
    </ClCompile>
    <ClCompile Include="DialogBox.cpp">
      <Filter>Source Files\Gui</Filter>
    </ClCompile>
    <ClCompile Include="InputBox.cpp">
      <Filter>Source Files\Gui</Filter>
    </ClCompile>
    <ClCompile Include="QuestBox.cpp">
      <Filter>Source Files\Gui</Filter>
    </ClCompile>
    <ClCompile Include="Text.cpp">
      <Filter>Source Files\Gui</Filter>
    </ClCompile>
    <ClCompile Include="StateEditor.cpp">
      <Filter>Source Files\State</Filter>
    </ClCompile>
    <ClCompile Include="StateMainMenu.cpp">
      <Filter>Source Files\State</Filter>
    </ClCompile>
    <ClCompile Include="StateTestZone.cpp">
      <Filter>Source Files\State</Filter>
    </ClCompile>
    <ClCompile Include="State.cpp">
      <Filter>Source Files\State</Filter>
    </ClCompile>
    <ClCompile Include="Classes.cpp">
      <Filter>Source Files\Classes</Filter>
    </ClCompile>
    <ClCompile Include="ClassesRainmaker.cpp">
      <Filter>Source Files\Classes</Filter>
    </ClCompile>
    <ClCompile Include="Race.cpp">
      <Filter>Source Files\Race</Filter>
    </ClCompile>
    <ClCompile Include="RaceOrc.cpp">
      <Filter>Source Files\Race</Filter>
    </ClCompile>
    <ClCompile Include="PlayerTest.cpp">
      <Filter>Source Files\Player</Filter>
    </ClCompile>
    <ClCompile Include="PlayerBag.cpp">
      <Filter>Source Files\Player</Filter>
    </ClCompile>
    <ClCompile Include="PlayerHud.cpp">
      <Filter>Source Files\Player</Filter>
    </ClCompile>
    <ClCompile Include="PlayerInventory.cpp">
      <Filter>Source Files\Player</Filter>
    </ClCompile>
    <ClCompile Include="HoverDescription.cpp">
      <Filter>Source Files\Gui</Filter>
    </ClCompile>
    <ClCompile Include="MenuCharacterCreation.cpp">
      <Filter>Source Files\Menus</Filter>
    </ClCompile>
    <ClCompile Include="MenuPause.cpp">
      <Filter>Source Files\Menus</Filter>
    </ClCompile>
    <ClCompile Include="MenuSetting.cpp">
      <Filter>Source Files\Menus</Filter>
    </ClCompile>
    <ClCompile Include="Skill.cpp">
      <Filter>Source Files\Skills</Filter>
    </ClCompile>
    <ClCompile Include="SkillPoisonRain.cpp">
      <Filter>Source Files\Skills</Filter>
    </ClCompile>
    <ClCompile Include="ItemDropDownList.cpp">
      <Filter>Source Files\Gui</Filter>
    </ClCompile>
    <ClCompile Include="QuestTest.cpp">
      <Filter>Source Files\Quest</Filter>
    </ClCompile>
    <ClCompile Include="Quest.cpp">
      <Filter>Source Files\Quest</Filter>
    </ClCompile>
    <ClCompile Include="Npc.cpp">
      <Filter>Source Files\Npc</Filter>
    </ClCompile>
    <ClCompile Include="NpcTest.cpp">
      <Filter>Source Files\Npc</Filter>
    </ClCompile>
    <ClCompile Include="PlayerSkillTree.cpp">
      <Filter>Source Files\Player</Filter>
    </ClCompile>
    <ClCompile Include="PlayerQuest.cpp">
      <Filter>Source Files\Player</Filter>
    </ClCompile>
    <ClCompile Include="Item.cpp">
      <Filter>Source Files\Item</Filter>
    </ClCompile>
    <ClCompile Include="ItemTest.cpp">
      <Filter>Source Files\Item</Filter>
    </ClCompile>
    <ClCompile Include="CircleButton.cpp">
      <Filter>Source Files\Gui</Filter>
    </ClCompile>
    <ClCompile Include="SkillButton.cpp">
      <Filter>Source Files\Gui</Filter>
    </ClCompile>
    <ClCompile Include="EnemyTest.cpp">
      <Filter>Source Files\Enemy</Filter>
    </ClCompile>
    <ClCompile Include="Enemy.cpp">
      <Filter>Source Files\Enemy</Filter>
    </ClCompile>
    <ClCompile Include="LootWindow.cpp">
      <Filter>Source Files\Gui</Filter>
    </ClCompile>
    <ClCompile Include="SkillDropDownList.cpp">
      <Filter>Source Files\Gui</Filter>
    </ClCompile>
    <ClCompile Include="StatButton.cpp">
      <Filter>Source Files\Gui</Filter>
    </ClCompile>
    <ClCompile Include="Merchant.cpp">
      <Filter>Source Files\Merchant</Filter>
    </ClCompile>
    <ClCompile Include="MerchantTest.cpp">
      <Filter>Source Files\Merchant</Filter>
    </ClCompile>
    <ClCompile Include="ResourceFont.cpp">
      <Filter>Source Files\Resource</Filter>
    </ClCompile>
    <ClCompile Include="ResourceHud.cpp">
      <Filter>Source Files\Resource</Filter>
    </ClCompile>
    <ClCompile Include="ShopBox.cpp">
      <Filter>Source Files\Gui</Filter>
    </ClCompile>
    <ClCompile Include="Gather.cpp">
      <Filter>Source Files</Filter>
    </ClCompile>
    <ClCompile Include="GatherTest.cpp">
      <Filter>Source Files</Filter>
    </ClCompile>
    <ClCompile Include="PlayerGather.cpp">
      <Filter>Source Files</Filter>
    </ClCompile>
  </ItemGroup>
  <ItemGroup>
    <ClInclude Include="Engine.h">
      <Filter>Header Files</Filter>
    </ClInclude>
    <ClInclude Include="Tilemap.h">
      <Filter>Header Files</Filter>
    </ClInclude>
    <ClInclude Include="Tile.h">
      <Filter>Header Files</Filter>
    </ClInclude>
    <ClInclude Include="Box.h">
      <Filter>Header Files\Gui</Filter>
    </ClInclude>
    <ClInclude Include="Button.h">
      <Filter>Header Files\Gui</Filter>
    </ClInclude>
    <ClInclude Include="Camera.h">
      <Filter>Header Files\Gui</Filter>
    </ClInclude>
    <ClInclude Include="CheckBox.h">
      <Filter>Header Files\Gui</Filter>
    </ClInclude>
    <ClInclude Include="DialogBox.h">
      <Filter>Header Files\Gui</Filter>
    </ClInclude>
    <ClInclude Include="InputBox.h">
      <Filter>Header Files\Gui</Filter>
    </ClInclude>
    <ClInclude Include="QuestBox.h">
      <Filter>Header Files\Gui</Filter>
    </ClInclude>
    <ClInclude Include="State.h">
      <Filter>Header Files\State</Filter>
    </ClInclude>
    <ClInclude Include="StateEditor.h">
      <Filter>Header Files\State</Filter>
    </ClInclude>
    <ClInclude Include="StateMainMenu.h">
      <Filter>Header Files\State</Filter>
    </ClInclude>
    <ClInclude Include="StateTestZone.h">
      <Filter>Header Files\State</Filter>
    </ClInclude>
    <ClInclude Include="Text.h">
      <Filter>Header Files\Gui</Filter>
    </ClInclude>
    <ClInclude Include="Classes.h">
      <Filter>Header Files\Classes</Filter>
    </ClInclude>
    <ClInclude Include="ClassesRainmaker.h">
      <Filter>Header Files\Classes</Filter>
    </ClInclude>
    <ClInclude Include="Race.h">
      <Filter>Header Files\Race</Filter>
    </ClInclude>
    <ClInclude Include="RaceOrc.h">
      <Filter>Header Files\Race</Filter>
    </ClInclude>
    <ClInclude Include="PlayerBag.h">
      <Filter>Header Files\Player</Filter>
    </ClInclude>
    <ClInclude Include="PlayerHud.h">
      <Filter>Header Files\Player</Filter>
    </ClInclude>
    <ClInclude Include="PlayerInventory.h">
      <Filter>Header Files\Player</Filter>
    </ClInclude>
    <ClInclude Include="PlayerTest.h">
      <Filter>Header Files\Player</Filter>
    </ClInclude>
    <ClInclude Include="Skill.h">
      <Filter>Header Files\Skills</Filter>
    </ClInclude>
    <ClInclude Include="SkillPoisonRain.h">
      <Filter>Header Files\Skills</Filter>
    </ClInclude>
    <ClInclude Include="MenuCharacterCreation.h">
      <Filter>Header Files\Menus</Filter>
    </ClInclude>
    <ClInclude Include="MenuPause.h">
      <Filter>Header Files\Menus</Filter>
    </ClInclude>
    <ClInclude Include="MenuSetting.h">
      <Filter>Header Files\Menus</Filter>
    </ClInclude>
    <ClInclude Include="HoverDescription.h">
      <Filter>Header Files\Gui</Filter>
    </ClInclude>
    <ClInclude Include="ItemDropDownList.h">
      <Filter>Header Files\Gui</Filter>
    </ClInclude>
    <ClInclude Include="PlayerQuest.h">
      <Filter>Header Files\Player</Filter>
    </ClInclude>
    <ClInclude Include="PlayerSkillTree.h">
      <Filter>Header Files\Player</Filter>
    </ClInclude>
    <ClInclude Include="QuestTest.h">
      <Filter>Header Files\Quest</Filter>
    </ClInclude>
    <ClInclude Include="Quest.h">
      <Filter>Header Files\Quest</Filter>
    </ClInclude>
    <ClInclude Include="NpcTest.h">
      <Filter>Header Files\Npc</Filter>
    </ClInclude>
    <ClInclude Include="Npc.h">
      <Filter>Header Files\Npc</Filter>
    </ClInclude>
    <ClInclude Include="ItemTest.h">
      <Filter>Header Files\Item</Filter>
    </ClInclude>
    <ClInclude Include="Item.h">
      <Filter>Header Files\Item</Filter>
    </ClInclude>
    <ClInclude Include="SkillButton.h">
      <Filter>Header Files\Gui</Filter>
    </ClInclude>
    <ClInclude Include="CircleButton.h">
      <Filter>Header Files\Gui</Filter>
    </ClInclude>
    <ClInclude Include="Enemy.h">
      <Filter>Header Files\Enemy</Filter>
    </ClInclude>
    <ClInclude Include="EnemyTest.h">
      <Filter>Header Files\Enemy</Filter>
    </ClInclude>
    <ClInclude Include="StatButton.h">
      <Filter>Header Files\Gui</Filter>
    </ClInclude>
    <ClInclude Include="SkillDropDownList.h">
      <Filter>Header Files\Gui</Filter>
    </ClInclude>
    <ClInclude Include="LootWindow.h">
      <Filter>Header Files\Gui</Filter>
    </ClInclude>
    <ClInclude Include="Merchant.h">
      <Filter>Header Files\Merchant</Filter>
    </ClInclude>
    <ClInclude Include="MerchantTest.h">
      <Filter>Header Files\Merchant</Filter>
    </ClInclude>
    <ClInclude Include="ResourceFont.h">
      <Filter>Header Files\Resource</Filter>
    </ClInclude>
    <ClInclude Include="ResourceHud.h">
      <Filter>Header Files\Resource</Filter>
    </ClInclude>
    <ClInclude Include="ShopBox.h">
      <Filter>Header Files\Gui</Filter>
    </ClInclude>
    <ClInclude Include="Gather.h">
      <Filter>Header Files</Filter>
    </ClInclude>
    <ClInclude Include="GatherTest.h">
      <Filter>Header Files</Filter>
    </ClInclude>
    <ClInclude Include="PlayerGather.h">
      <Filter>Header Files</Filter>
    </ClInclude>
  </ItemGroup>
</Project>